
Microsoft Visual Studio Solution File, Format Version 12.00
# Visual Studio Version 16
VisualStudioVersion = 16.0.810.22
MinimumVisualStudioVersion = 10.0.40219.1
Project("{FAE04EC0-301F-11D3-BF4B-00C04F79EFBC}") = "BulkyBookStore", "BulkyBookStore.csproj", "{9143F016-AC70-4479-A39C-A27894F9D2FC}"
EndProject
Global
	GlobalSection(SolutionConfigurationPlatforms) = preSolution
		Debug|Any CPU = Debug|Any CPU
		Release|Any CPU = Release|Any CPU
	EndGlobalSection
	GlobalSection(ProjectConfigurationPlatforms) = postSolution
		{9143F016-AC70-4479-A39C-A27894F9D2FC}.Debug|Any CPU.ActiveCfg = Debug|Any CPU
		{9143F016-AC70-4479-A39C-A27894F9D2FC}.Debug|Any CPU.Build.0 = Debug|Any CPU
		{9143F016-AC70-4479-A39C-A27894F9D2FC}.Release|Any CPU.ActiveCfg = Release|Any CPU
		{9143F016-AC70-4479-A39C-A27894F9D2FC}.Release|Any CPU.Build.0 = Release|Any CPU
	EndGlobalSection
	GlobalSection(SolutionProperties) = preSolution
		HideSolutionNode = FALSE
	EndGlobalSection
	GlobalSection(ExtensibilityGlobals) = postSolution
		SolutionGuid = {7D31DCCA-AD61-4775-B428-32C9F1BC7680}
	EndGlobalSection
EndGlobal
